// !$*UTF8*$!
{
	archiveVersion = 1;
	classes = {
	};
	objectVersion = 55;
	objects = {

/* Begin PBXBuildFile section */
		26AE3F242885B883009BEBA2 /* AppDelegate.swift in Sources */ = {isa = PBXBuildFile; fileRef = 26AE3F232885B883009BEBA2 /* AppDelegate.swift */; };
		26AE3F262885B883009BEBA2 /* SceneDelegate.swift in Sources */ = {isa = PBXBuildFile; fileRef = 26AE3F252885B883009BEBA2 /* SceneDelegate.swift */; };
		26AE3F282885B883009BEBA2 /* ViewController.swift in Sources */ = {isa = PBXBuildFile; fileRef = 26AE3F272885B883009BEBA2 /* ViewController.swift */; };
		26AE3F2B2885B883009BEBA2 /* Main.storyboard in Resources */ = {isa = PBXBuildFile; fileRef = 26AE3F292885B883009BEBA2 /* Main.storyboard */; };
		26AE3F2D2885B884009BEBA2 /* Assets.xcassets in Resources */ = {isa = PBXBuildFile; fileRef = 26AE3F2C2885B884009BEBA2 /* Assets.xcassets */; };
		26AE3F302885B884009BEBA2 /* LaunchScreen.storyboard in Resources */ = {isa = PBXBuildFile; fileRef = 26AE3F2E2885B884009BEBA2 /* LaunchScreen.storyboard */; };
		26AE3F3B2885B884009BEBA2 /* HeatMapTests.swift in Sources */ = {isa = PBXBuildFile; fileRef = 26AE3F3A2885B884009BEBA2 /* HeatMapTests.swift */; };
		26AE3F452885B884009BEBA2 /* HeatMapUITests.swift in Sources */ = {isa = PBXBuildFile; fileRef = 26AE3F442885B884009BEBA2 /* HeatMapUITests.swift */; };
		26AE3F472885B884009BEBA2 /* HeatMapUITestsLaunchTests.swift in Sources */ = {isa = PBXBuildFile; fileRef = 26AE3F462885B884009BEBA2 /* HeatMapUITestsLaunchTests.swift */; };
		26AE3F552886CAD7009BEBA2 /* CommonData.swift in Sources */ = {isa = PBXBuildFile; fileRef = 26AE3F542886CAD7009BEBA2 /* CommonData.swift */; };
		26AE3F582887978F009BEBA2 /* Symbol.swift in Sources */ = {isa = PBXBuildFile; fileRef = 26AE3F572887978F009BEBA2 /* Symbol.swift */; };
		26F81321288A7B5600ADEAE0 /* SymbolDetails.swift in Sources */ = {isa = PBXBuildFile; fileRef = 26F81320288A7B5600ADEAE0 /* SymbolDetails.swift */; };
/* End PBXBuildFile section */

/* Begin PBXContainerItemProxy section */
		26AE3F372885B884009BEBA2 /* PBXContainerItemProxy */ = {
			isa = PBXContainerItemProxy;
			containerPortal = 26AE3F182885B883009BEBA2 /* Project object */;
			proxyType = 1;
			remoteGlobalIDString = 26AE3F1F2885B883009BEBA2;
			remoteInfo = HeatMap;
		};
		26AE3F412885B884009BEBA2 /* PBXContainerItemProxy */ = {
			isa = PBXContainerItemProxy;
			containerPortal = 26AE3F182885B883009BEBA2 /* Project object */;
			proxyType = 1;
			remoteGlobalIDString = 26AE3F1F2885B883009BEBA2;
			remoteInfo = HeatMap;
		};
/* End PBXContainerItemProxy section */

/* Begin PBXFileReference section */
		26AE3F202885B883009BEBA2 /* HeatMap.app */ = {isa = PBXFileReference; explicitFileType = wrapper.application; includeInIndex = 0; path = HeatMap.app; sourceTree = BUILT_PRODUCTS_DIR; };
		26AE3F232885B883009BEBA2 /* AppDelegate.swift */ = {isa = PBXFileReference; lastKnownFileType = sourcecode.swift; path = AppDelegate.swift; sourceTree = "<group>"; };
		26AE3F252885B883009BEBA2 /* SceneDelegate.swift */ = {isa = PBXFileReference; lastKnownFileType = sourcecode.swift; path = SceneDelegate.swift; sourceTree = "<group>"; };
		26AE3F272885B883009BEBA2 /* ViewController.swift */ = {isa = PBXFileReference; lastKnownFileType = sourcecode.swift; path = ViewController.swift; sourceTree = "<group>"; };
		26AE3F2A2885B883009BEBA2 /* Base */ = {isa = PBXFileReference; lastKnownFileType = file.storyboard; name = Base; path = Base.lproj/Main.storyboard; sourceTree = "<group>"; };
		26AE3F2C2885B884009BEBA2 /* Assets.xcassets */ = {isa = PBXFileReference; lastKnownFileType = folder.assetcatalog; path = Assets.xcassets; sourceTree = "<group>"; };
		26AE3F2F2885B884009BEBA2 /* Base */ = {isa = PBXFileReference; lastKnownFileType = file.storyboard; name = Base; path = Base.lproj/LaunchScreen.storyboard; sourceTree = "<group>"; };
		26AE3F312885B884009BEBA2 /* Info.plist */ = {isa = PBXFileReference; lastKnownFileType = text.plist.xml; path = Info.plist; sourceTree = "<group>"; };
		26AE3F362885B884009BEBA2 /* HeatMapTests.xctest */ = {isa = PBXFileReference; explicitFileType = wrapper.cfbundle; includeInIndex = 0; path = HeatMapTests.xctest; sourceTree = BUILT_PRODUCTS_DIR; };
		26AE3F3A2885B884009BEBA2 /* HeatMapTests.swift */ = {isa = PBXFileReference; lastKnownFileType = sourcecode.swift; path = HeatMapTests.swift; sourceTree = "<group>"; };
		26AE3F402885B884009BEBA2 /* HeatMapUITests.xctest */ = {isa = PBXFileReference; explicitFileType = wrapper.cfbundle; includeInIndex = 0; path = HeatMapUITests.xctest; sourceTree = BUILT_PRODUCTS_DIR; };
		26AE3F442885B884009BEBA2 /* HeatMapUITests.swift */ = {isa = PBXFileReference; lastKnownFileType = sourcecode.swift; path = HeatMapUITests.swift; sourceTree = "<group>"; };
		26AE3F462885B884009BEBA2 /* HeatMapUITestsLaunchTests.swift */ = {isa = PBXFileReference; lastKnownFileType = sourcecode.swift; path = HeatMapUITestsLaunchTests.swift; sourceTree = "<group>"; };
		26AE3F542886CAD7009BEBA2 /* CommonData.swift */ = {isa = PBXFileReference; lastKnownFileType = sourcecode.swift; path = CommonData.swift; sourceTree = "<group>"; };
		26AE3F572887978F009BEBA2 /* Symbol.swift */ = {isa = PBXFileReference; lastKnownFileType = sourcecode.swift; path = Symbol.swift; sourceTree = "<group>"; };
		26F81320288A7B5600ADEAE0 /* SymbolDetails.swift */ = {isa = PBXFileReference; lastKnownFileType = sourcecode.swift; path = SymbolDetails.swift; sourceTree = "<group>"; };
/* End PBXFileReference section */

/* Begin PBXFrameworksBuildPhase section */
		26AE3F1D2885B883009BEBA2 /* Frameworks */ = {
			isa = PBXFrameworksBuildPhase;
			buildActionMask = 2147483647;
			files = (
			);
			runOnlyForDeploymentPostprocessing = 0;
		};
		26AE3F332885B884009BEBA2 /* Frameworks */ = {
			isa = PBXFrameworksBuildPhase;
			buildActionMask = 2147483647;
			files = (
			);
			runOnlyForDeploymentPostprocessing = 0;
		};
		26AE3F3D2885B884009BEBA2 /* Frameworks */ = {
			isa = PBXFrameworksBuildPhase;
			buildActionMask = 2147483647;
			files = (
			);
			runOnlyForDeploymentPostprocessing = 0;
		};
/* End PBXFrameworksBuildPhase section */

/* Begin PBXGroup section */
		26AE3F172885B883009BEBA2 = {
			isa = PBXGroup;
			children = (
				26AE3F222885B883009BEBA2 /* HeatMap */,
				26AE3F392885B884009BEBA2 /* HeatMapTests */,
				26AE3F432885B884009BEBA2 /* HeatMapUITests */,
				26AE3F212885B883009BEBA2 /* Products */,
			);
			sourceTree = "<group>";
		};
		26AE3F212885B883009BEBA2 /* Products */ = {
			isa = PBXGroup;
			children = (
				26AE3F202885B883009BEBA2 /* HeatMap.app */,
				26AE3F362885B884009BEBA2 /* HeatMapTests.xctest */,
				26AE3F402885B884009BEBA2 /* HeatMapUITests.xctest */,
			);
			name = Products;
			sourceTree = "<group>";
		};
		26AE3F222885B883009BEBA2 /* HeatMap */ = {
			isa = PBXGroup;
			children = (
				26AE3F562887977F009BEBA2 /* Model */,
				26AE3F532886CAC1009BEBA2 /* Helpers */,
				26AE3F232885B883009BEBA2 /* AppDelegate.swift */,
				26AE3F252885B883009BEBA2 /* SceneDelegate.swift */,
				26AE3F272885B883009BEBA2 /* ViewController.swift */,
				26AE3F292885B883009BEBA2 /* Main.storyboard */,
				26AE3F2C2885B884009BEBA2 /* Assets.xcassets */,
				26AE3F2E2885B884009BEBA2 /* LaunchScreen.storyboard */,
				26AE3F312885B884009BEBA2 /* Info.plist */,
			);
			path = HeatMap;
			sourceTree = "<group>";
		};
		26AE3F392885B884009BEBA2 /* HeatMapTests */ = {
			isa = PBXGroup;
			children = (
				26AE3F3A2885B884009BEBA2 /* HeatMapTests.swift */,
			);
			path = HeatMapTests;
			sourceTree = "<group>";
		};
		26AE3F432885B884009BEBA2 /* HeatMapUITests */ = {
			isa = PBXGroup;
			children = (
				26AE3F442885B884009BEBA2 /* HeatMapUITests.swift */,
				26AE3F462885B884009BEBA2 /* HeatMapUITestsLaunchTests.swift */,
			);
			path = HeatMapUITests;
			sourceTree = "<group>";
		};
		26AE3F532886CAC1009BEBA2 /* Helpers */ = {
			isa = PBXGroup;
			children = (
				26AE3F542886CAD7009BEBA2 /* CommonData.swift */,
			);
			path = Helpers;
			sourceTree = "<group>";
		};
		26AE3F562887977F009BEBA2 /* Model */ = {
			isa = PBXGroup;
			children = (
				26AE3F572887978F009BEBA2 /* Symbol.swift */,
				26F81320288A7B5600ADEAE0 /* SymbolDetails.swift */,
			);
			path = Model;
			sourceTree = "<group>";
		};
/* End PBXGroup section */

/* Begin PBXNativeTarget section */
		26AE3F1F2885B883009BEBA2 /* HeatMap */ = {
			isa = PBXNativeTarget;
			buildConfigurationList = 26AE3F4A2885B884009BEBA2 /* Build configuration list for PBXNativeTarget "HeatMap" */;
			buildPhases = (
				26AE3F1C2885B883009BEBA2 /* Sources */,
				26AE3F1D2885B883009BEBA2 /* Frameworks */,
				26AE3F1E2885B883009BEBA2 /* Resources */,
			);
			buildRules = (
			);
			dependencies = (
			);
			name = HeatMap;
			productName = HeatMap;
			productReference = 26AE3F202885B883009BEBA2 /* HeatMap.app */;
			productType = "com.apple.product-type.application";
		};
		26AE3F352885B884009BEBA2 /* HeatMapTests */ = {
			isa = PBXNativeTarget;
			buildConfigurationList = 26AE3F4D2885B884009BEBA2 /* Build configuration list for PBXNativeTarget "HeatMapTests" */;
			buildPhases = (
				26AE3F322885B884009BEBA2 /* Sources */,
				26AE3F332885B884009BEBA2 /* Frameworks */,
				26AE3F342885B884009BEBA2 /* Resources */,
			);
			buildRules = (
			);
			dependencies = (
				26AE3F382885B884009BEBA2 /* PBXTargetDependency */,
			);
			name = HeatMapTests;
			productName = HeatMapTests;
			productReference = 26AE3F362885B884009BEBA2 /* HeatMapTests.xctest */;
			productType = "com.apple.product-type.bundle.unit-test";
		};
		26AE3F3F2885B884009BEBA2 /* HeatMapUITests */ = {
			isa = PBXNativeTarget;
			buildConfigurationList = 26AE3F502885B884009BEBA2 /* Build configuration list for PBXNativeTarget "HeatMapUITests" */;
			buildPhases = (
				26AE3F3C2885B884009BEBA2 /* Sources */,
				26AE3F3D2885B884009BEBA2 /* Frameworks */,
				26AE3F3E2885B884009BEBA2 /* Resources */,
			);
			buildRules = (
			);
			dependencies = (
				26AE3F422885B884009BEBA2 /* PBXTargetDependency */,
			);
			name = HeatMapUITests;
			productName = HeatMapUITests;
			productReference = 26AE3F402885B884009BEBA2 /* HeatMapUITests.xctest */;
			productType = "com.apple.product-type.bundle.ui-testing";
		};
/* End PBXNativeTarget section */

/* Begin PBXProject section */
		26AE3F182885B883009BEBA2 /* Project object */ = {
			isa = PBXProject;
			attributes = {
				BuildIndependentTargetsInParallel = 1;
				LastSwiftUpdateCheck = 1330;
				LastUpgradeCheck = 1330;
				TargetAttributes = {
					26AE3F1F2885B883009BEBA2 = {
						CreatedOnToolsVersion = 13.3;
					};
					26AE3F352885B884009BEBA2 = {
						CreatedOnToolsVersion = 13.3;
						TestTargetID = 26AE3F1F2885B883009BEBA2;
					};
					26AE3F3F2885B884009BEBA2 = {
						CreatedOnToolsVersion = 13.3;
						TestTargetID = 26AE3F1F2885B883009BEBA2;
					};
				};
			};
			buildConfigurationList = 26AE3F1B2885B883009BEBA2 /* Build configuration list for PBXProject "HeatMap" */;
			compatibilityVersion = "Xcode 13.0";
			developmentRegion = en;
			hasScannedForEncodings = 0;
			knownRegions = (
				en,
				Base,
			);
			mainGroup = 26AE3F172885B883009BEBA2;
			productRefGroup = 26AE3F212885B883009BEBA2 /* Products */;
			projectDirPath = "";
			projectRoot = "";
			targets = (
				26AE3F1F2885B883009BEBA2 /* HeatMap */,
				26AE3F352885B884009BEBA2 /* HeatMapTests */,
				26AE3F3F2885B884009BEBA2 /* HeatMapUITests */,
			);
		};
/* End PBXProject section */

/* Begin PBXResourcesBuildPhase section */
		26AE3F1E2885B883009BEBA2 /* Resources */ = {
			isa = PBXResourcesBuildPhase;
			buildActionMask = 2147483647;
			files = (
				26AE3F302885B884009BEBA2 /* LaunchScreen.storyboard in Resources */,
				26AE3F2D2885B884009BEBA2 /* Assets.xcassets in Resources */,
				26AE3F2B2885B883009BEBA2 /* Main.storyboard in Resources */,
			);
			runOnlyForDeploymentPostprocessing = 0;
		};
		26AE3F342885B884009BEBA2 /* Resources */ = {
			isa = PBXResourcesBuildPhase;
			buildActionMask = 2147483647;
			files = (
			);
			runOnlyForDeploymentPostprocessing = 0;
		};
		26AE3F3E2885B884009BEBA2 /* Resources */ = {
			isa = PBXResourcesBuildPhase;
			buildActionMask = 2147483647;
			files = (
			);
			runOnlyForDeploymentPostprocessing = 0;
		};
/* End PBXResourcesBuildPhase section */

/* Begin PBXSourcesBuildPhase section */
		26AE3F1C2885B883009BEBA2 /* Sources */ = {
			isa = PBXSourcesBuildPhase;
			buildActionMask = 2147483647;
			files = (
				26AE3F282885B883009BEBA2 /* ViewController.swift in Sources */,
				26AE3F582887978F009BEBA2 /* Symbol.swift in Sources */,
				26AE3F242885B883009BEBA2 /* AppDelegate.swift in Sources */,
				26AE3F552886CAD7009BEBA2 /* CommonData.swift in Sources */,
				26F81321288A7B5600ADEAE0 /* SymbolDetails.swift in Sources */,
				26AE3F262885B883009BEBA2 /* SceneDelegate.swift in Sources */,
			);
			runOnlyForDeploymentPostprocessing = 0;
		};
		26AE3F322885B884009BEBA2 /* Sources */ = {
			isa = PBXSourcesBuildPhase;
			buildActionMask = 2147483647;
			files = (
				26AE3F3B2885B884009BEBA2 /* HeatMapTests.swift in Sources */,
			);
			runOnlyForDeploymentPostprocessing = 0;
		};
		26AE3F3C2885B884009BEBA2 /* Sources */ = {
			isa = PBXSourcesBuildPhase;
			buildActionMask = 2147483647;
			files = (
				26AE3F452885B884009BEBA2 /* HeatMapUITests.swift in Sources */,
				26AE3F472885B884009BEBA2 /* HeatMapUITestsLaunchTests.swift in Sources */,
			);
			runOnlyForDeploymentPostprocessing = 0;
		};
/* End PBXSourcesBuildPhase section */

/* Begin PBXTargetDependency section */
		26AE3F382885B884009BEBA2 /* PBXTargetDependency */ = {
			isa = PBXTargetDependency;
			target = 26AE3F1F2885B883009BEBA2 /* HeatMap */;
			targetProxy = 26AE3F372885B884009BEBA2 /* PBXContainerItemProxy */;
		};
		26AE3F422885B884009BEBA2 /* PBXTargetDependency */ = {
			isa = PBXTargetDependency;
			target = 26AE3F1F2885B883009BEBA2 /* HeatMap */;
			targetProxy = 26AE3F412885B884009BEBA2 /* PBXContainerItemProxy */;
		};
/* End PBXTargetDependency section */

/* Begin PBXVariantGroup section */
		26AE3F292885B883009BEBA2 /* Main.storyboard */ = {
			isa = PBXVariantGroup;
			children = (
				26AE3F2A2885B883009BEBA2 /* Base */,
			);
			name = Main.storyboard;
			sourceTree = "<group>";
		};
		26AE3F2E2885B884009BEBA2 /* LaunchScreen.storyboard */ = {
			isa = PBXVariantGroup;
			children = (
				26AE3F2F2885B884009BEBA2 /* Base */,
			);
			name = LaunchScreen.storyboard;
			sourceTree = "<group>";
		};
/* End PBXVariantGroup section */

/* Begin XCBuildConfiguration section */
		26AE3F482885B884009BEBA2 /* Debug */ = {
			isa = XCBuildConfiguration;
			buildSettings = {
				ALWAYS_SEARCH_USER_PATHS = NO;
				CLANG_ANALYZER_NONNULL = YES;
				CLANG_ANALYZER_NUMBER_OBJECT_CONVERSION = YES_AGGRESSIVE;
				CLANG_CXX_LANGUAGE_STANDARD = "gnu++17";
				CLANG_ENABLE_MODULES = YES;
				CLANG_ENABLE_OBJC_ARC = YES;
				CLANG_ENABLE_OBJC_WEAK = YES;
				CLANG_WARN_BLOCK_CAPTURE_AUTORELEASING = YES;
				CLANG_WARN_BOOL_CONVERSION = YES;
				CLANG_WARN_COMMA = YES;
				CLANG_WARN_CONSTANT_CONVERSION = YES;
				CLANG_WARN_DEPRECATED_OBJC_IMPLEMENTATIONS = YES;
				CLANG_WARN_DIRECT_OBJC_ISA_USAGE = YES_ERROR;
				CLANG_WARN_DOCUMENTATION_COMMENTS = YES;
				CLANG_WARN_EMPTY_BODY = YES;
				CLANG_WARN_ENUM_CONVERSION = YES;
				CLANG_WARN_INFINITE_RECURSION = YES;
				CLANG_WARN_INT_CONVERSION = YES;
				CLANG_WARN_NON_LITERAL_NULL_CONVERSION = YES;
				CLANG_WARN_OBJC_IMPLICIT_RETAIN_SELF = YES;
				CLANG_WARN_OBJC_LITERAL_CONVERSION = YES;
				CLANG_WARN_OBJC_ROOT_CLASS = YES_ERROR;
				CLANG_WARN_QUOTED_INCLUDE_IN_FRAMEWORK_HEADER = YES;
				CLANG_WARN_RANGE_LOOP_ANALYSIS = YES;
				CLANG_WARN_STRICT_PROTOTYPES = YES;
				CLANG_WARN_SUSPICIOUS_MOVE = YES;
				CLANG_WARN_UNGUARDED_AVAILABILITY = YES_AGGRESSIVE;
				CLANG_WARN_UNREACHABLE_CODE = YES;
				CLANG_WARN__DUPLICATE_METHOD_MATCH = YES;
				COPY_PHASE_STRIP = NO;
				DEBUG_INFORMATION_FORMAT = dwarf;
				ENABLE_STRICT_OBJC_MSGSEND = YES;
				ENABLE_TESTABILITY = YES;
				GCC_C_LANGUAGE_STANDARD = gnu11;
				GCC_DYNAMIC_NO_PIC = NO;
				GCC_NO_COMMON_BLOCKS = YES;
				GCC_OPTIMIZATION_LEVEL = 0;
				GCC_PREPROCESSOR_DEFINITIONS = (
					"DEBUG=1",
					"$(inherited)",
				);
				GCC_WARN_64_TO_32_BIT_CONVERSION = YES;
				GCC_WARN_ABOUT_RETURN_TYPE = YES_ERROR;
				GCC_WARN_UNDECLARED_SELECTOR = YES;
				GCC_WARN_UNINITIALIZED_AUTOS = YES_AGGRESSIVE;
				GCC_WARN_UNUSED_FUNCTION = YES;
				GCC_WARN_UNUSED_VARIABLE = YES;
				IPHONEOS_DEPLOYMENT_TARGET = 15.4;
				MTL_ENABLE_DEBUG_INFO = INCLUDE_SOURCE;
				MTL_FAST_MATH = YES;
				ONLY_ACTIVE_ARCH = YES;
				SDKROOT = iphoneos;
				SWIFT_ACTIVE_COMPILATION_CONDITIONS = DEBUG;
				SWIFT_OPTIMIZATION_LEVEL = "-Onone";
			};
			name = Debug;
		};
		26AE3F492885B884009BEBA2 /* Release */ = {
			isa = XCBuildConfiguration;
			buildSettings = {
				ALWAYS_SEARCH_USER_PATHS = NO;
				CLANG_ANALYZER_NONNULL = YES;
				CLANG_ANALYZER_NUMBER_OBJECT_CONVERSION = YES_AGGRESSIVE;
				CLANG_CXX_LANGUAGE_STANDARD = "gnu++17";
				CLANG_ENABLE_MODULES = YES;
				CLANG_ENABLE_OBJC_ARC = YES;
				CLANG_ENABLE_OBJC_WEAK = YES;
				CLANG_WARN_BLOCK_CAPTURE_AUTORELEASING = YES;
				CLANG_WARN_BOOL_CONVERSION = YES;
				CLANG_WARN_COMMA = YES;
				CLANG_WARN_CONSTANT_CONVERSION = YES;
				CLANG_WARN_DEPRECATED_OBJC_IMPLEMENTATIONS = YES;
				CLANG_WARN_DIRECT_OBJC_ISA_USAGE = YES_ERROR;
				CLANG_WARN_DOCUMENTATION_COMMENTS = YES;
				CLANG_WARN_EMPTY_BODY = YES;
				CLANG_WARN_ENUM_CONVERSION = YES;
				CLANG_WARN_INFINITE_RECURSION = YES;
				CLANG_WARN_INT_CONVERSION = YES;
				CLANG_WARN_NON_LITERAL_NULL_CONVERSION = YES;
				CLANG_WARN_OBJC_IMPLICIT_RETAIN_SELF = YES;
				CLANG_WARN_OBJC_LITERAL_CONVERSION = YES;
				CLANG_WARN_OBJC_ROOT_CLASS = YES_ERROR;
				CLANG_WARN_QUOTED_INCLUDE_IN_FRAMEWORK_HEADER = YES;
				CLANG_WARN_RANGE_LOOP_ANALYSIS = YES;
				CLANG_WARN_STRICT_PROTOTYPES = YES;
				CLANG_WARN_SUSPICIOUS_MOVE = YES;
				CLANG_WARN_UNGUARDED_AVAILABILITY = YES_AGGRESSIVE;
				CLANG_WARN_UNREACHABLE_CODE = YES;
				CLANG_WARN__DUPLICATE_METHOD_MATCH = YES;
				COPY_PHASE_STRIP = NO;
				DEBUG_INFORMATION_FORMAT = "dwarf-with-dsym";
				ENABLE_NS_ASSERTIONS = NO;
				ENABLE_STRICT_OBJC_MSGSEND = YES;
				GCC_C_LANGUAGE_STANDARD = gnu11;
				GCC_NO_COMMON_BLOCKS = YES;
				GCC_WARN_64_TO_32_BIT_CONVERSION = YES;
				GCC_WARN_ABOUT_RETURN_TYPE = YES_ERROR;
				GCC_WARN_UNDECLARED_SELECTOR = YES;
				GCC_WARN_UNINITIALIZED_AUTOS = YES_AGGRESSIVE;
				GCC_WARN_UNUSED_FUNCTION = YES;
				GCC_WARN_UNUSED_VARIABLE = YES;
				IPHONEOS_DEPLOYMENT_TARGET = 15.4;
				MTL_ENABLE_DEBUG_INFO = NO;
				MTL_FAST_MATH = YES;
				SDKROOT = iphoneos;
				SWIFT_COMPILATION_MODE = wholemodule;
				SWIFT_OPTIMIZATION_LEVEL = "-O";
				VALIDATE_PRODUCT = YES;
			};
			name = Release;
		};
		26AE3F4B2885B884009BEBA2 /* Debug */ = {
			isa = XCBuildConfiguration;
			buildSettings = {
				ASSETCATALOG_COMPILER_APPICON_NAME = AppIcon;
				ASSETCATALOG_COMPILER_GLOBAL_ACCENT_COLOR_NAME = AccentColor;
				CODE_SIGN_STYLE = Automatic;
				CURRENT_PROJECT_VERSION = 1;
				DEVELOPMENT_TEAM = YCS27B4ZF9;
				GENERATE_INFOPLIST_FILE = YES;
				INFOPLIST_FILE = HeatMap/Info.plist;
				INFOPLIST_KEY_UIApplicationSupportsIndirectInputEvents = YES;
				INFOPLIST_KEY_UILaunchStoryboardName = Main;
				INFOPLIST_KEY_UIMainStoryboardFile = Main;
				INFOPLIST_KEY_UISupportedInterfaceOrientations_iPad = "UIInterfaceOrientationPortrait UIInterfaceOrientationPortraitUpsideDown UIInterfaceOrientationLandscapeLeft UIInterfaceOrientationLandscapeRight";
				INFOPLIST_KEY_UISupportedInterfaceOrientations_iPhone = "UIInterfaceOrientationPortrait UIInterfaceOrientationLandscapeLeft UIInterfaceOrientationLandscapeRight";
				LD_RUNPATH_SEARCH_PATHS = (
					"$(inherited)",
					"@executable_path/Frameworks",
				);
				MARKETING_VERSION = 1.0;
				PRODUCT_BUNDLE_IDENTIFIER = com.tejaswini.HeatMap;
				PRODUCT_NAME = "$(TARGET_NAME)";
				SWIFT_EMIT_LOC_STRINGS = YES;
				SWIFT_VERSION = 5.0;
				TARGETED_DEVICE_FAMILY = "1,2";
			};
			name = Debug;
		};
		26AE3F4C2885B884009BEBA2 /* Release */ = {
			isa = XCBuildConfiguration;
			buildSettings = {
				ASSETCATALOG_COMPILER_APPICON_NAME = AppIcon;
				ASSETCATALOG_COMPILER_GLOBAL_ACCENT_COLOR_NAME = AccentColor;
				CODE_SIGN_STYLE = Automatic;
				CURRENT_PROJECT_VERSION = 1;
				DEVELOPMENT_TEAM = YCS27B4ZF9;
				GENERATE_INFOPLIST_FILE = YES;
				INFOPLIST_FILE = HeatMap/Info.plist;
				INFOPLIST_KEY_UIApplicationSupportsIndirectInputEvents = YES;
				INFOPLIST_KEY_UILaunchStoryboardName = Main;
				INFOPLIST_KEY_UIMainStoryboardFile = Main;
				INFOPLIST_KEY_UISupportedInterfaceOrientations_iPad = "UIInterfaceOrientationPortrait UIInterfaceOrientationPortraitUpsideDown UIInterfaceOrientationLandscapeLeft UIInterfaceOrientationLandscapeRight";
				INFOPLIST_KEY_UISupportedInterfaceOrientations_iPhone = "UIInterfaceOrientationPortrait UIInterfaceOrientationLandscapeLeft UIInterfaceOrientationLandscapeRight";
				LD_RUNPATH_SEARCH_PATHS = (
					"$(inherited)",
					"@executable_path/Frameworks",
				);
				MARKETING_VERSION = 1.0;
				PRODUCT_BUNDLE_IDENTIFIER = com.tejaswini.HeatMap;
				PRODUCT_NAME = "$(TARGET_NAME)";
				SWIFT_EMIT_LOC_STRINGS = YES;
				SWIFT_VERSION = 5.0;
				TARGETED_DEVICE_FAMILY = "1,2";
			};
			name = Release;
		};
		26AE3F4E2885B884009BEBA2 /* Debug */ = {
			isa = XCBuildConfiguration;
			buildSettings = {
				ALWAYS_EMBED_SWIFT_STANDARD_LIBRARIES = YES;
				BUNDLE_LOADER = "$(TEST_HOST)";
				CODE_SIGN_STYLE = Automatic;
				CURRENT_PROJECT_VERSION = 1;
				DEVELOPMENT_TEAM = YCS27B4ZF9;
				GENERATE_INFOPLIST_FILE = YES;
				IPHONEOS_DEPLOYMENT_TARGET = 15.4;
				MARKETING_VERSION = 1.0;
				PRODUCT_BUNDLE_IDENTIFIER = com.tejaswini.HeatMapTests;
				PRODUCT_NAME = "$(TARGET_NAME)";
				SWIFT_EMIT_LOC_STRINGS = NO;
				SWIFT_VERSION = 5.0;
				TARGETED_DEVICE_FAMILY = "1,2";
				TEST_HOST = "$(BUILT_PRODUCTS_DIR)/HeatMap.app/HeatMap";
			};
			name = Debug;
		};
		26AE3F4F2885B884009BEBA2 /* Release */ = {
			isa = XCBuildConfiguration;
			buildSettings = {
				ALWAYS_EMBED_SWIFT_STANDARD_LIBRARIES = YES;
				BUNDLE_LOADER = "$(TEST_HOST)";
				CODE_SIGN_STYLE = Automatic;
				CURRENT_PROJECT_VERSION = 1;
				DEVELOPMENT_TEAM = YCS27B4ZF9;
				GENERATE_INFOPLIST_FILE = YES;
				IPHONEOS_DEPLOYMENT_TARGET = 15.4;
				MARKETING_VERSION = 1.0;
				PRODUCT_BUNDLE_IDENTIFIER = com.tejaswini.HeatMapTests;
				PRODUCT_NAME = "$(TARGET_NAME)";
				SWIFT_EMIT_LOC_STRINGS = NO;
				SWIFT_VERSION = 5.0;
				TARGETED_DEVICE_FAMILY = "1,2";
				TEST_HOST = "$(BUILT_PRODUCTS_DIR)/HeatMap.app/HeatMap";
			};
			name = Release;
		};
		26AE3F512885B884009BEBA2 /* Debug */ = {
			isa = XCBuildConfiguration;
			buildSettings = {
				ALWAYS_EMBED_SWIFT_STANDARD_LIBRARIES = YES;
				CODE_SIGN_STYLE = Automatic;
				CURRENT_PROJECT_VERSION = 1;
				DEVELOPMENT_TEAM = YCS27B4ZF9;
				GENERATE_INFOPLIST_FILE = YES;
				MARKETING_VERSION = 1.0;
				PRODUCT_BUNDLE_IDENTIFIER = com.tejaswini.HeatMapUITests;
				PRODUCT_NAME = "$(TARGET_NAME)";
				SWIFT_EMIT_LOC_STRINGS = NO;
				SWIFT_VERSION = 5.0;
				TARGETED_DEVICE_FAMILY = "1,2";
				TEST_TARGET_NAME = HeatMap;
			};
			name = Debug;
		};
		26AE3F522885B884009BEBA2 /* Release */ = {
			isa = XCBuildConfiguration;
			buildSettings = {
				ALWAYS_EMBED_SWIFT_STANDARD_LIBRARIES = YES;
				CODE_SIGN_STYLE = Automatic;
				CURRENT_PROJECT_VERSION = 1;
				DEVELOPMENT_TEAM = YCS27B4ZF9;
				GENERATE_INFOPLIST_FILE = YES;
				MARKETING_VERSION = 1.0;
				PRODUCT_BUNDLE_IDENTIFIER = com.tejaswini.HeatMapUITests;
				PRODUCT_NAME = "$(TARGET_NAME)";
				SWIFT_EMIT_LOC_STRINGS = NO;
				SWIFT_VERSION = 5.0;
				TARGETED_DEVICE_FAMILY = "1,2";
				TEST_TARGET_NAME = HeatMap;
			};
			name = Release;
		};
/* End XCBuildConfiguration section */

/* Begin XCConfigurationList section */
		26AE3F1B2885B883009BEBA2 /* Build configuration list for PBXProject "HeatMap" */ = {
			isa = XCConfigurationList;
			buildConfigurations = (
				26AE3F482885B884009BEBA2 /* Debug */,
				26AE3F492885B884009BEBA2 /* Release */,
			);
			defaultConfigurationIsVisible = 0;
			defaultConfigurationName = Release;
		};
		26AE3F4A2885B884009BEBA2 /* Build configuration list for PBXNativeTarget "HeatMap" */ = {
			isa = XCConfigurationList;
			buildConfigurations = (
				26AE3F4B2885B884009BEBA2 /* Debug */,
				26AE3F4C2885B884009BEBA2 /* Release */,
			);
			defaultConfigurationIsVisible = 0;
			defaultConfigurationName = Release;
		};
		26AE3F4D2885B884009BEBA2 /* Build configuration list for PBXNativeTarget "HeatMapTests" */ = {
			isa = XCConfigurationList;
			buildConfigurations = (
				26AE3F4E2885B884009BEBA2 /* Debug */,
				26AE3F4F2885B884009BEBA2 /* Release */,
			);
			defaultConfigurationIsVisible = 0;
			defaultConfigurationName = Release;
		};
		26AE3F502885B884009BEBA2 /* Build configuration list for PBXNativeTarget "HeatMapUITests" */ = {
			isa = XCConfigurationList;
			buildConfigurations = (
				26AE3F512885B884009BEBA2 /* Debug */,
				26AE3F522885B884009BEBA2 /* Release */,
			);
			defaultConfigurationIsVisible = 0;
			defaultConfigurationName = Release;
		};
/* End XCConfigurationList section */
	};
	rootObject = 26AE3F182885B883009BEBA2 /* Project object */;
}
